{
  "name": "minicalc",
  "version": "1.0.0",
  "lockfileVersion": 1,
  "requires": true,
  "dependencies": {
    "@fortawesome/fontawesome-pro": {
      "version": "5.11.2",
      "resolved": "https://npm.fontawesome.com/@fortawesome/fontawesome-pro/-/fontawesome-pro-5.11.2.tgz",
      "integrity": "sha512-qDJHtsCBkGqVM1i10aTjl1WCB/YPCxYYn7lQZNXDqo0yHzBXiwrwv2RXDV4vWgFP7fvCeqKVkP0Co2YQnkTxJg==",
      "dev": true
    },
    "bulma": {
      "version": "0.7.5",
      "resolved": "https://registry.npmjs.org/bulma/-/bulma-0.7.5.tgz",
      "integrity": "sha512-cX98TIn0I6sKba/DhW0FBjtaDpxTelU166pf7ICXpCCuplHWyu6C9LYZmL5PEsnePIeJaiorsTEzzNk3Tsm1hw=="
    }
  }
}
